
Microsoft Visual Studio Solution File, Format Version 12.00
# Visual Studio 2015
Project("{FAE04EC0-301F-11D3-BF4B-00C04F79EFBC}") = "MonstersHunter.CSharp.Plugins", "MonstersHunter.CSharp.Plugins.csproj", "{B364898F-51D9-ADF0-38CB-8D160DC24883}"
EndProject
Project("{FAE04EC0-301F-11D3-BF4B-00C04F79EFBC}") = "MonstersHunter.CSharp", "MonstersHunter.CSharp.csproj", "{62948520-A169-01DB-9847-4703C6F8EC7F}"
EndProject
Project("{FAE04EC0-301F-11D3-BF4B-00C04F79EFBC}") = "MonstersHunter.CSharp.Editor", "MonstersHunter.CSharp.Editor.csproj", "{1F168302-C771-865A-51F1-C166586517EC}"
EndProject
Global
	GlobalSection(SolutionConfigurationPlatforms) = preSolution
		Debug|Any CPU = Debug|Any CPU
		Release|Any CPU = Release|Any CPU
	EndGlobalSection
	GlobalSection(ProjectConfigurationPlatforms) = postSolution
		{B364898F-51D9-ADF0-38CB-8D160DC24883}.Debug|Any CPU.ActiveCfg = Debug|Any CPU
		{B364898F-51D9-ADF0-38CB-8D160DC24883}.Debug|Any CPU.Build.0 = Debug|Any CPU
		{B364898F-51D9-ADF0-38CB-8D160DC24883}.Release|Any CPU.ActiveCfg = Release|Any CPU
		{B364898F-51D9-ADF0-38CB-8D160DC24883}.Release|Any CPU.Build.0 = Release|Any CPU
		{62948520-A169-01DB-9847-4703C6F8EC7F}.Debug|Any CPU.ActiveCfg = Debug|Any CPU
		{62948520-A169-01DB-9847-4703C6F8EC7F}.Debug|Any CPU.Build.0 = Debug|Any CPU
		{62948520-A169-01DB-9847-4703C6F8EC7F}.Release|Any CPU.ActiveCfg = Release|Any CPU
		{62948520-A169-01DB-9847-4703C6F8EC7F}.Release|Any CPU.Build.0 = Release|Any CPU
		{1F168302-C771-865A-51F1-C166586517EC}.Debug|Any CPU.ActiveCfg = Debug|Any CPU
		{1F168302-C771-865A-51F1-C166586517EC}.Debug|Any CPU.Build.0 = Debug|Any CPU
		{1F168302-C771-865A-51F1-C166586517EC}.Release|Any CPU.ActiveCfg = Release|Any CPU
		{1F168302-C771-865A-51F1-C166586517EC}.Release|Any CPU.Build.0 = Release|Any CPU
	EndGlobalSection
	GlobalSection(SolutionProperties) = preSolution
		HideSolutionNode = FALSE
	EndGlobalSection
EndGlobal
